
Microsoft Visual Studio Solution File, Format Version 12.00
# Visual Studio 15
VisualStudioVersion = 15.0.27703.2042
MinimumVisualStudioVersion = 10.0.40219.1
Project("{FAE04EC0-301F-11D3-BF4B-00C04F79EFBC}") = "SportRanker.Contracts.Dto", "SportRanker.Contracts.Dto\SportRanker.Contracts.Dto.csproj", "{B2AE82F9-E555-4C5D-B4A3-0ED611212502}"
EndProject
Project("{FAE04EC0-301F-11D3-BF4B-00C04F79EFBC}") = "SportRanker.Contracts.SystemEvents", "SportRanker.Contracts.SystemEvents\SportRanker.Contracts.SystemEvents.csproj", "{915D77E7-CF0C-4A08-BAF8-261E2761DBEB}"
EndProject
Global
	GlobalSection(SolutionConfigurationPlatforms) = preSolution
		Debug|Any CPU = Debug|Any CPU
		Release|Any CPU = Release|Any CPU
	EndGlobalSection
	GlobalSection(ProjectConfigurationPlatforms) = postSolution
		{B2AE82F9-E555-4C5D-B4A3-0ED611212502}.Debug|Any CPU.ActiveCfg = Debug|Any CPU
		{B2AE82F9-E555-4C5D-B4A3-0ED611212502}.Debug|Any CPU.Build.0 = Debug|Any CPU
		{B2AE82F9-E555-4C5D-B4A3-0ED611212502}.Release|Any CPU.ActiveCfg = Release|Any CPU
		{B2AE82F9-E555-4C5D-B4A3-0ED611212502}.Release|Any CPU.Build.0 = Release|Any CPU
		{915D77E7-CF0C-4A08-BAF8-261E2761DBEB}.Debug|Any CPU.ActiveCfg = Debug|Any CPU
		{915D77E7-CF0C-4A08-BAF8-261E2761DBEB}.Debug|Any CPU.Build.0 = Debug|Any CPU
		{915D77E7-CF0C-4A08-BAF8-261E2761DBEB}.Release|Any CPU.ActiveCfg = Release|Any CPU
		{915D77E7-CF0C-4A08-BAF8-261E2761DBEB}.Release|Any CPU.Build.0 = Release|Any CPU
	EndGlobalSection
	GlobalSection(SolutionProperties) = preSolution
		HideSolutionNode = FALSE
	EndGlobalSection
	GlobalSection(ExtensibilityGlobals) = postSolution
		SolutionGuid = {52E6EB0C-1976-44A0-8B7A-50A19F2774C2}
	EndGlobalSection
EndGlobal
